
Microsoft Visual Studio Solution File, Format Version 11.00
# Visual C# Express 2010
Project("{FAE04EC0-301F-11D3-BF4B-00C04F79EFBC}") = "TBProject", "WindowsGame1\WindowsGame1\TBProject.csproj", "{CBE0A862-4F62-4442-93E4-FB27758CB4EF}"
EndProject
Project("{FAE04EC0-301F-11D3-BF4B-00C04F79EFBC}") = "TBProjectContent", "WindowsGame1\WindowsGame1Content\TBProjectContent.contentproj", "{B2C5A54B-3096-4262-B0A5-B23588D4FF00}"
EndProject
Global
	GlobalSection(SolutionConfigurationPlatforms) = preSolution
		Debug|x86 = Debug|x86
		Release|x86 = Release|x86
	EndGlobalSection
	GlobalSection(ProjectConfigurationPlatforms) = postSolution
		{CBE0A862-4F62-4442-93E4-FB27758CB4EF}.Debug|x86.ActiveCfg = Debug|x86
		{CBE0A862-4F62-4442-93E4-FB27758CB4EF}.Debug|x86.Build.0 = Debug|x86
		{CBE0A862-4F62-4442-93E4-FB27758CB4EF}.Release|x86.ActiveCfg = Release|x86
		{CBE0A862-4F62-4442-93E4-FB27758CB4EF}.Release|x86.Build.0 = Release|x86
		{B2C5A54B-3096-4262-B0A5-B23588D4FF00}.Debug|x86.ActiveCfg = Debug|x86
		{B2C5A54B-3096-4262-B0A5-B23588D4FF00}.Release|x86.ActiveCfg = Release|x86
	EndGlobalSection
	GlobalSection(SolutionProperties) = preSolution
		HideSolutionNode = FALSE
	EndGlobalSection
EndGlobal
